# THIS IS AN AUTOGENERATED FILE. DO NOT EDIT THIS FILE DIRECTLY.
# yarn lockfile v1


"@aashutoshrathi/word-wrap@^1.2.3":
  version "1.2.6"

"@babel/code-frame@^7.0.0":
  version "7.22.13"
  dependencies:
    "@babel/highlight" "^7.22.13"
    chalk "^2.4.2"

"@babel/helper-validator-identifier@^7.22.20", "@babel/helper-validator-identifier@^7.22.5":
  version "7.22.20"

"@babel/highlight@^7.22.13":
  version "7.22.20"
  dependencies:
    "@babel/helper-validator-identifier" "^7.22.20"
    chalk "^2.4.2"
    js-tokens "^4.0.0"

"@esbuild/win32-x64@0.18.20":
  version "0.18.20"

"@eslint-community/eslint-utils@^4.2.0", "@eslint-community/eslint-utils@^4.4.0":
  version "4.4.0"
  dependencies:
    eslint-visitor-keys "^3.3.0"

"@eslint-community/regexpp@^4.5.1", "@eslint-community/regexpp@^4.6.1":
  version "4.9.1"

"@eslint/eslintrc@^2.1.2":
  version "2.1.2"
  dependencies:
    ajv "^6.12.4"
    debug "^4.3.2"
    espree "^9.6.0"
    globals "^13.19.0"
    ignore "^5.2.0"
    import-fresh "^3.2.1"
    js-yaml "^4.1.0"
    minimatch "^3.1.2"
    strip-json-comments "^3.1.1"

"@eslint/js@8.51.0":
  version "8.51.0"

"@humanwhocodes/config-array@^0.11.11":
  version "0.11.11"
  dependencies:
    "@humanwhocodes/object-schema" "^1.2.1"
    debug "^4.1.1"
    minimatch "^3.0.5"

"@humanwhocodes/module-importer@^1.0.1":
  version "1.0.1"

"@humanwhocodes/object-schema@^1.2.1":
  version "1.2.1"

"@nodelib/fs.scandir@2.1.5":
  version "2.1.5"
  dependencies:
    "@nodelib/fs.stat" "2.0.5"
    run-parallel "^1.1.9"

"@nodelib/fs.stat@^2.0.2", "@nodelib/fs.stat@2.0.5":
  version "2.0.5"

"@nodelib/fs.walk@^1.2.3", "@nodelib/fs.walk@^1.2.8":
  version "1.2.8"
  dependencies:
    "@nodelib/fs.scandir" "2.1.5"
    fastq "^1.6.0"

"@pixi/accessibility@7.3.1":
  version "7.3.1"

"@pixi/app@7.3.1":
  version "7.3.1"

"@pixi/assets@7.3.1":
  version "7.3.1"
  dependencies:
    "@types/css-font-loading-module" "^0.0.7"

"@pixi/color@7.3.1":
  version "7.3.1"
  dependencies:
    "@pixi/colord" "^2.9.4"

"@pixi/colord@^2.9.4":
  version "2.9.6"

"@pixi/compressed-textures@7.3.1":
  version "7.3.1"

"@pixi/constants@7.3.1":
  version "7.3.1"

"@pixi/core@7.3.1":
  version "7.3.1"
  dependencies:
    "@pixi/color" "7.3.1"
    "@pixi/constants" "7.3.1"
    "@pixi/extensions" "7.3.1"
    "@pixi/math" "7.3.1"
    "@pixi/runner" "7.3.1"
    "@pixi/settings" "7.3.1"
    "@pixi/ticker" "7.3.1"
    "@pixi/utils" "7.3.1"
    "@types/offscreencanvas" "^2019.6.4"

"@pixi/display@7.3.1":
  version "7.3.1"

"@pixi/events@7.3.1":
  version "7.3.1"

"@pixi/extensions@7.3.1":
  version "7.3.1"

"@pixi/extract@7.3.1":
  version "7.3.1"

"@pixi/filter-alpha@7.3.1":
  version "7.3.1"

"@pixi/filter-blur@7.3.1":
  version "7.3.1"

"@pixi/filter-color-matrix@7.3.1":
  version "7.3.1"

"@pixi/filter-displacement@7.3.1":
  version "7.3.1"

"@pixi/filter-fxaa@7.3.1":
  version "7.3.1"

"@pixi/filter-noise@7.3.1":
  version "7.3.1"

"@pixi/graphics@7.3.1":
  version "7.3.1"

"@pixi/math-extras@^7.3.1":
  version "7.3.1"

"@pixi/math@7.3.1":
  version "7.3.1"

"@pixi/mesh-extras@7.3.1":
  version "7.3.1"

"@pixi/mesh@7.3.1":
  version "7.3.1"

"@pixi/mixin-cache-as-bitmap@7.3.1":
  version "7.3.1"

"@pixi/mixin-get-child-by-name@7.3.1":
  version "7.3.1"

"@pixi/mixin-get-global-position@7.3.1":
  version "7.3.1"

"@pixi/particle-container@7.3.1":
  version "7.3.1"

"@pixi/prepare@7.3.1":
  version "7.3.1"

"@pixi/runner@7.3.1":
  version "7.3.1"

"@pixi/settings@7.3.1":
  version "7.3.1"
  dependencies:
    "@pixi/constants" "7.3.1"
    "@types/css-font-loading-module" "^0.0.7"
    ismobilejs "^1.1.0"

"@pixi/sprite-animated@7.3.1":
  version "7.3.1"

"@pixi/sprite-tiling@7.3.1":
  version "7.3.1"

"@pixi/sprite@7.3.1":
  version "7.3.1"

"@pixi/spritesheet@7.3.1":
  version "7.3.1"

"@pixi/text-bitmap@7.3.1":
  version "7.3.1"

"@pixi/text-html@7.3.1":
  version "7.3.1"

"@pixi/text@7.3.1":
  version "7.3.1"

"@pixi/ticker@7.3.1":
  version "7.3.1"
  dependencies:
    "@pixi/extensions" "7.3.1"
    "@pixi/settings" "7.3.1"
    "@pixi/utils" "7.3.1"

"@pixi/tilemap@^4.0.0":
  version "4.0.0"
  resolved "https://registry.npmjs.org/@pixi/tilemap/-/tilemap-4.0.0.tgz"
  integrity sha512-FJgs8BVCTmTDEmIigDKbdDM6T5OmIrtAAS+Xh082P2t9eXg8FYcgIywrb2JNjP8RYBHJaT3V/X/ZClVFqNjpkg==

"@pixi/utils@7.3.1":
  version "7.3.1"
  dependencies:
    "@pixi/color" "7.3.1"
    "@pixi/constants" "7.3.1"
    "@pixi/settings" "7.3.1"
    "@types/earcut" "^2.1.0"
    earcut "^2.2.4"
    eventemitter3 "^4.0.0"
    url "^0.11.0"

"@types/css-font-loading-module@^0.0.7":
  version "0.0.7"

"@types/earcut@^2.1.0":
  version "2.1.2"

"@types/eslint@^8":
  version "8.44.4"
  dependencies:
    "@types/estree" "*"
    "@types/json-schema" "*"

"@types/estree@*":
  version "1.0.2"

"@types/json-schema@*", "@types/json-schema@^7.0.12":
  version "7.0.13"

"@types/json5@^0.0.29":
  version "0.0.29"

"@types/normalize-package-data@^2.4.0":
  version "2.4.2"

"@types/offscreencanvas@^2019.6.4":
  version "2019.7.1"

"@types/semver@^7.5.0":
  version "7.5.3"

"@typescript-eslint/eslint-plugin@^6.7.5", "@typescript-eslint/eslint-plugin@>=6.0.0":
  version "6.7.5"
  dependencies:
    "@eslint-community/regexpp" "^4.5.1"
    "@typescript-eslint/scope-manager" "6.7.5"
    "@typescript-eslint/type-utils" "6.7.5"
    "@typescript-eslint/utils" "6.7.5"
    "@typescript-eslint/visitor-keys" "6.7.5"
    debug "^4.3.4"
    graphemer "^1.4.0"
    ignore "^5.2.4"
    natural-compare "^1.4.0"
    semver "^7.5.4"
    ts-api-utils "^1.0.1"

"@typescript-eslint/parser@^6.0.0 || ^6.0.0-alpha", "@typescript-eslint/parser@^6.7.5", "@typescript-eslint/parser@>=6.0.0":
  version "6.7.5"
  dependencies:
    "@typescript-eslint/scope-manager" "6.7.5"
    "@typescript-eslint/types" "6.7.5"
    "@typescript-eslint/typescript-estree" "6.7.5"
    "@typescript-eslint/visitor-keys" "6.7.5"
    debug "^4.3.4"

"@typescript-eslint/scope-manager@6.7.5":
  version "6.7.5"
  dependencies:
    "@typescript-eslint/types" "6.7.5"
    "@typescript-eslint/visitor-keys" "6.7.5"

"@typescript-eslint/type-utils@6.7.5":
  version "6.7.5"
  dependencies:
    "@typescript-eslint/typescript-estree" "6.7.5"
    "@typescript-eslint/utils" "6.7.5"
    debug "^4.3.4"
    ts-api-utils "^1.0.1"

"@typescript-eslint/types@6.7.5":
  version "6.7.5"

"@typescript-eslint/typescript-estree@6.7.5":
  version "6.7.5"
  dependencies:
    "@typescript-eslint/types" "6.7.5"
    "@typescript-eslint/visitor-keys" "6.7.5"
    debug "^4.3.4"
    globby "^11.1.0"
    is-glob "^4.0.3"
    semver "^7.5.4"
    ts-api-utils "^1.0.1"

"@typescript-eslint/utils@6.7.5":
  version "6.7.5"
  dependencies:
    "@eslint-community/eslint-utils" "^4.4.0"
    "@types/json-schema" "^7.0.12"
    "@types/semver" "^7.5.0"
    "@typescript-eslint/scope-manager" "6.7.5"
    "@typescript-eslint/types" "6.7.5"
    "@typescript-eslint/typescript-estree" "6.7.5"
    semver "^7.5.4"

"@typescript-eslint/visitor-keys@6.7.5":
  version "6.7.5"
  dependencies:
    "@typescript-eslint/types" "6.7.5"
    eslint-visitor-keys "^3.4.1"

acorn-jsx@^5.3.2:
  version "5.3.2"

"acorn@^6.0.0 || ^7.0.0 || ^8.0.0", acorn@^8.9.0:
  version "8.10.0"

ajv@^6.12.4:
  version "6.12.6"
  dependencies:
    fast-deep-equal "^3.1.1"
    fast-json-stable-stringify "^2.0.0"
    json-schema-traverse "^0.4.1"
    uri-js "^4.2.2"

ansi-regex@^5.0.1:
  version "5.0.1"

ansi-styles@^3.2.1:
  version "3.2.1"
  dependencies:
    color-convert "^1.9.0"

ansi-styles@^4.1.0:
  version "4.3.0"
  dependencies:
    color-convert "^2.0.1"

argparse@^2.0.1:
  version "2.0.1"

array-buffer-byte-length@^1.0.0:
  version "1.0.0"
  dependencies:
    call-bind "^1.0.2"
    is-array-buffer "^3.0.1"

array-includes@^3.1.6:
  version "3.1.7"
  dependencies:
    call-bind "^1.0.2"
    define-properties "^1.2.0"
    es-abstract "^1.22.1"
    get-intrinsic "^1.2.1"
    is-string "^1.0.7"

array-union@^2.1.0:
  version "2.1.0"

array.prototype.findlastindex@^1.2.2:
  version "1.2.3"
  dependencies:
    call-bind "^1.0.2"
    define-properties "^1.2.0"
    es-abstract "^1.22.1"
    es-shim-unscopables "^1.0.0"
    get-intrinsic "^1.2.1"

array.prototype.flat@^1.3.1:
  version "1.3.2"
  dependencies:
    call-bind "^1.0.2"
    define-properties "^1.2.0"
    es-abstract "^1.22.1"
    es-shim-unscopables "^1.0.0"

array.prototype.flatmap@^1.3.1:
  version "1.3.2"
  dependencies:
    call-bind "^1.0.2"
    define-properties "^1.2.0"
    es-abstract "^1.22.1"
    es-shim-unscopables "^1.0.0"

arraybuffer.prototype.slice@^1.0.2:
  version "1.0.2"
  dependencies:
    array-buffer-byte-length "^1.0.0"
    call-bind "^1.0.2"
    define-properties "^1.2.0"
    es-abstract "^1.22.1"
    get-intrinsic "^1.2.1"
    is-array-buffer "^3.0.2"
    is-shared-array-buffer "^1.0.2"

async@^3.2.2:
  version "3.2.4"
  resolved "https://registry.npmjs.org/async/-/async-3.2.4.tgz"
  integrity sha512-iAB+JbDEGXhyIUavoDl9WP/Jj106Kz9DEn1DPgYw5ruDn0e3Wgi3sKFm55sASdGBNOQB8F59d9qQ7deqrHA8wQ==

available-typed-arrays@^1.0.5:
  version "1.0.5"

balanced-match@^1.0.0:
  version "1.0.2"

brace-expansion@^1.1.7:
  version "1.1.11"
  dependencies:
    balanced-match "^1.0.0"
    concat-map "0.0.1"

braces@^3.0.2:
  version "3.0.2"
  dependencies:
    fill-range "^7.0.1"

builtin-modules@^3.3.0:
  version "3.3.0"

call-bind@^1.0.0, call-bind@^1.0.2:
  version "1.0.2"
  dependencies:
    function-bind "^1.1.1"
    get-intrinsic "^1.0.2"

callsites@^3.0.0:
  version "3.1.0"

chalk@^2.4.2:
  version "2.4.2"
  dependencies:
    ansi-styles "^3.2.1"
    escape-string-regexp "^1.0.5"
    supports-color "^5.3.0"

chalk@^4.0.0:
  version "4.1.2"
  dependencies:
    ansi-styles "^4.1.0"
    supports-color "^7.1.0"

ci-info@^3.8.0:
  version "3.9.0"

clean-regexp@^1.0.0:
  version "1.0.0"
  dependencies:
    escape-string-regexp "^1.0.5"

color-convert@^1.9.0:
  version "1.9.3"
  dependencies:
    color-name "1.1.3"

color-convert@^2.0.1:
  version "2.0.1"
  dependencies:
    color-name "~1.1.4"

color-name@~1.1.4:
  version "1.1.4"

color-name@1.1.3:
  version "1.1.3"

concat-map@0.0.1:
  version "0.0.1"

confusing-browser-globals@^1.0.10, confusing-browser-globals@1.0.11:
  version "1.0.11"

cross-spawn@^7.0.2:
  version "7.0.3"
  dependencies:
    path-key "^3.1.0"
    shebang-command "^2.0.0"
    which "^2.0.1"

debug@^3.2.7:
  version "3.2.7"
  dependencies:
    ms "^2.1.1"

debug@^4.1.1, debug@^4.3.2, debug@^4.3.4:
  version "4.3.4"
  dependencies:
    ms "2.1.2"

deep-is@^0.1.3:
  version "0.1.4"

define-data-property@^1.0.1:
  version "1.1.0"
  dependencies:
    get-intrinsic "^1.2.1"
    gopd "^1.0.1"
    has-property-descriptors "^1.0.0"

define-properties@^1.1.3, define-properties@^1.1.4, define-properties@^1.2.0:
  version "1.2.1"
  dependencies:
    define-data-property "^1.0.1"
    has-property-descriptors "^1.0.0"
    object-keys "^1.1.1"

dir-glob@^3.0.1:
  version "3.0.1"
  dependencies:
    path-type "^4.0.0"

doctrine@^2.1.0:
  version "2.1.0"
  dependencies:
    esutils "^2.0.2"

doctrine@^3.0.0:
  version "3.0.0"
  dependencies:
    esutils "^2.0.2"

duplexer@^0.1.1, duplexer@~0.1.1:
  version "0.1.2"
  resolved "https://registry.npmjs.org/duplexer/-/duplexer-0.1.2.tgz"
  integrity sha512-jtD6YG370ZCIi/9GTaJKQxWTZD045+4R4hTk/x1UyoqadyJ9x9CgSi1RlVDQF8U2sxLLSnFkCaMihqljHIWgMg==

earcut@^2.2.4:
  version "2.2.4"

error-ex@^1.3.1:
  version "1.3.2"
  dependencies:
    is-arrayish "^0.2.1"

es-abstract@^1.22.1:
  version "1.22.2"
  dependencies:
    array-buffer-byte-length "^1.0.0"
    arraybuffer.prototype.slice "^1.0.2"
    available-typed-arrays "^1.0.5"
    call-bind "^1.0.2"
    es-set-tostringtag "^2.0.1"
    es-to-primitive "^1.2.1"
    function.prototype.name "^1.1.6"
    get-intrinsic "^1.2.1"
    get-symbol-description "^1.0.0"
    globalthis "^1.0.3"
    gopd "^1.0.1"
    has "^1.0.3"
    has-property-descriptors "^1.0.0"
    has-proto "^1.0.1"
    has-symbols "^1.0.3"
    internal-slot "^1.0.5"
    is-array-buffer "^3.0.2"
    is-callable "^1.2.7"
    is-negative-zero "^2.0.2"
    is-regex "^1.1.4"
    is-shared-array-buffer "^1.0.2"
    is-string "^1.0.7"
    is-typed-array "^1.1.12"
    is-weakref "^1.0.2"
    object-inspect "^1.12.3"
    object-keys "^1.1.1"
    object.assign "^4.1.4"
    regexp.prototype.flags "^1.5.1"
    safe-array-concat "^1.0.1"
    safe-regex-test "^1.0.0"
    string.prototype.trim "^1.2.8"
    string.prototype.trimend "^1.0.7"
    string.prototype.trimstart "^1.0.7"
    typed-array-buffer "^1.0.0"
    typed-array-byte-length "^1.0.0"
    typed-array-byte-offset "^1.0.0"
    typed-array-length "^1.0.4"
    unbox-primitive "^1.0.2"
    which-typed-array "^1.1.11"

es-set-tostringtag@^2.0.1:
  version "2.0.1"
  dependencies:
    get-intrinsic "^1.1.3"
    has "^1.0.3"
    has-tostringtag "^1.0.0"

es-shim-unscopables@^1.0.0:
  version "1.0.0"
  dependencies:
    has "^1.0.3"

es-to-primitive@^1.2.1:
  version "1.2.1"
  dependencies:
    is-callable "^1.1.4"
    is-date-object "^1.0.1"
    is-symbol "^1.0.2"

esbuild@^0.18.10:
  version "0.18.20"
  optionalDependencies:
    "@esbuild/android-arm" "0.18.20"
    "@esbuild/android-arm64" "0.18.20"
    "@esbuild/android-x64" "0.18.20"
    "@esbuild/darwin-arm64" "0.18.20"
    "@esbuild/darwin-x64" "0.18.20"
    "@esbuild/freebsd-arm64" "0.18.20"
    "@esbuild/freebsd-x64" "0.18.20"
    "@esbuild/linux-arm" "0.18.20"
    "@esbuild/linux-arm64" "0.18.20"
    "@esbuild/linux-ia32" "0.18.20"
    "@esbuild/linux-loong64" "0.18.20"
    "@esbuild/linux-mips64el" "0.18.20"
    "@esbuild/linux-ppc64" "0.18.20"
    "@esbuild/linux-riscv64" "0.18.20"
    "@esbuild/linux-s390x" "0.18.20"
    "@esbuild/linux-x64" "0.18.20"
    "@esbuild/netbsd-x64" "0.18.20"
    "@esbuild/openbsd-x64" "0.18.20"
    "@esbuild/sunos-x64" "0.18.20"
    "@esbuild/win32-arm64" "0.18.20"
    "@esbuild/win32-ia32" "0.18.20"
    "@esbuild/win32-x64" "0.18.20"

escape-string-regexp@^1.0.5:
  version "1.0.5"

escape-string-regexp@^4.0.0:
  version "4.0.0"

eslint-config-airbnb-base@^15.0.0:
  version "15.0.0"
  dependencies:
    confusing-browser-globals "^1.0.10"
    object.assign "^4.1.2"
    object.entries "^1.1.5"
    semver "^6.3.0"

eslint-config-xo-typescript@^1.0.1:
  version "1.0.1"

eslint-config-xo@^0.43.1:
  version "0.43.1"
  dependencies:
    confusing-browser-globals "1.0.11"

eslint-import-resolver-node@^0.3.7:
  version "0.3.9"
  dependencies:
    debug "^3.2.7"
    is-core-module "^2.13.0"
    resolve "^1.22.4"

eslint-module-utils@^2.8.0:
  version "2.8.0"
  dependencies:
    debug "^3.2.7"

eslint-plugin-import@^2.25.2, eslint-plugin-import@^2.28.1:
  version "2.28.1"
  dependencies:
    array-includes "^3.1.6"
    array.prototype.findlastindex "^1.2.2"
    array.prototype.flat "^1.3.1"
    array.prototype.flatmap "^1.3.1"
    debug "^3.2.7"
    doctrine "^2.1.0"
    eslint-import-resolver-node "^0.3.7"
    eslint-module-utils "^2.8.0"
    has "^1.0.3"
    is-core-module "^2.13.0"
    is-glob "^4.0.3"
    minimatch "^3.1.2"
    object.fromentries "^2.0.6"
    object.groupby "^1.0.0"
    object.values "^1.1.6"
    semver "^6.3.1"
    tsconfig-paths "^3.14.2"

eslint-plugin-unicorn@^48.0.1:
  version "48.0.1"
  dependencies:
    "@babel/helper-validator-identifier" "^7.22.5"
    "@eslint-community/eslint-utils" "^4.4.0"
    ci-info "^3.8.0"
    clean-regexp "^1.0.0"
    esquery "^1.5.0"
    indent-string "^4.0.0"
    is-builtin-module "^3.2.1"
    jsesc "^3.0.2"
    lodash "^4.17.21"
    pluralize "^8.0.0"
    read-pkg-up "^7.0.1"
    regexp-tree "^0.1.27"
    regjsparser "^0.10.0"
    semver "^7.5.4"
    strip-indent "^3.0.0"

eslint-scope@^7.2.2:
  version "7.2.2"
  dependencies:
    esrecurse "^4.3.0"
    estraverse "^5.2.0"

eslint-visitor-keys@^3.3.0, eslint-visitor-keys@^3.4.1, eslint-visitor-keys@^3.4.3:
  version "3.4.3"

"eslint@^2 || ^3 || ^4 || ^5 || ^6 || ^7.2.0 || ^8", "eslint@^6.0.0 || ^7.0.0 || >=8.0.0", "eslint@^7.0.0 || ^8.0.0", "eslint@^7.32.0 || ^8.2.0", eslint@^8.51.0, eslint@>=8.0.0, eslint@>=8.27.0, eslint@>=8.44.0:
  version "8.51.0"
  dependencies:
    "@eslint-community/eslint-utils" "^4.2.0"
    "@eslint-community/regexpp" "^4.6.1"
    "@eslint/eslintrc" "^2.1.2"
    "@eslint/js" "8.51.0"
    "@humanwhocodes/config-array" "^0.11.11"
    "@humanwhocodes/module-importer" "^1.0.1"
    "@nodelib/fs.walk" "^1.2.8"
    ajv "^6.12.4"
    chalk "^4.0.0"
    cross-spawn "^7.0.2"
    debug "^4.3.2"
    doctrine "^3.0.0"
    escape-string-regexp "^4.0.0"
    eslint-scope "^7.2.2"
    eslint-visitor-keys "^3.4.3"
    espree "^9.6.1"
    esquery "^1.4.2"
    esutils "^2.0.2"
    fast-deep-equal "^3.1.3"
    file-entry-cache "^6.0.1"
    find-up "^5.0.0"
    glob-parent "^6.0.2"
    globals "^13.19.0"
    graphemer "^1.4.0"
    ignore "^5.2.0"
    imurmurhash "^0.1.4"
    is-glob "^4.0.0"
    is-path-inside "^3.0.3"
    js-yaml "^4.1.0"
    json-stable-stringify-without-jsonify "^1.0.1"
    levn "^0.4.1"
    lodash.merge "^4.6.2"
    minimatch "^3.1.2"
    natural-compare "^1.4.0"
    optionator "^0.9.3"
    strip-ansi "^6.0.1"
    text-table "^0.2.0"

espree@^9.6.0, espree@^9.6.1:
  version "9.6.1"
  dependencies:
    acorn "^8.9.0"
    acorn-jsx "^5.3.2"
    eslint-visitor-keys "^3.4.1"

esquery@^1.4.2, esquery@^1.5.0:
  version "1.5.0"
  dependencies:
    estraverse "^5.1.0"

esrecurse@^4.3.0:
  version "4.3.0"
  dependencies:
    estraverse "^5.2.0"

estraverse@^5.1.0, estraverse@^5.2.0:
  version "5.3.0"

esutils@^2.0.2:
  version "2.0.3"

event-stream@^4.0.1:
  version "4.0.1"
  resolved "https://registry.npmjs.org/event-stream/-/event-stream-4.0.1.tgz"
  integrity sha512-qACXdu/9VHPBzcyhdOWR5/IahhGMf0roTeZJfzz077GwylcDd90yOHLouhmv7GJ5XzPi6ekaQWd8AvPP2nOvpA==
  dependencies:
    duplexer "^0.1.1"
    from "^0.1.7"
    map-stream "0.0.7"
    pause-stream "^0.0.11"
    split "^1.0.1"
    stream-combiner "^0.2.2"
    through "^2.3.8"

eventemitter3@^4.0.0:
  version "4.0.7"

fast-deep-equal@^3.1.1, fast-deep-equal@^3.1.3:
  version "3.1.3"

fast-glob@^3.2.9:
  version "3.3.1"
  dependencies:
    "@nodelib/fs.stat" "^2.0.2"
    "@nodelib/fs.walk" "^1.2.3"
    glob-parent "^5.1.2"
    merge2 "^1.3.0"
    micromatch "^4.0.4"

fast-json-stable-stringify@^2.0.0:
  version "2.1.0"

fast-levenshtein@^2.0.6:
  version "2.0.6"

fastq@^1.6.0:
  version "1.15.0"
  dependencies:
    reusify "^1.0.4"

file-entry-cache@^6.0.1:
  version "6.0.1"
  dependencies:
    flat-cache "^3.0.4"

fill-range@^7.0.1:
  version "7.0.1"
  dependencies:
    to-regex-range "^5.0.1"

find-up@^4.1.0:
  version "4.1.0"
  dependencies:
    locate-path "^5.0.0"
    path-exists "^4.0.0"

find-up@^5.0.0:
  version "5.0.0"
  dependencies:
    locate-path "^6.0.0"
    path-exists "^4.0.0"

flat-cache@^3.0.4:
  version "3.1.1"
  dependencies:
    flatted "^3.2.9"
    keyv "^4.5.3"
    rimraf "^3.0.2"

flatted@^3.2.9:
  version "3.2.9"

for-each@^0.3.3:
  version "0.3.3"
  dependencies:
    is-callable "^1.1.3"

from@^0.1.7:
  version "0.1.7"
  resolved "https://registry.npmjs.org/from/-/from-0.1.7.tgz"
  integrity sha512-twe20eF1OxVxp/ML/kq2p1uc6KvFK/+vs8WjEbeKmV2He22MKm7YF2ANIt+EOqhJ5L3K/SuuPhk0hWQDjOM23g==

fs.realpath@^1.0.0:
  version "1.0.0"

function-bind@^1.1.1:
  version "1.1.1"

function.prototype.name@^1.1.6:
  version "1.1.6"
  dependencies:
    call-bind "^1.0.2"
    define-properties "^1.2.0"
    es-abstract "^1.22.1"
    functions-have-names "^1.2.3"

functions-have-names@^1.2.3:
  version "1.2.3"

get-intrinsic@^1.0.2, get-intrinsic@^1.1.1, get-intrinsic@^1.1.3, get-intrinsic@^1.2.0, get-intrinsic@^1.2.1:
  version "1.2.1"
  dependencies:
    function-bind "^1.1.1"
    has "^1.0.3"
    has-proto "^1.0.1"
    has-symbols "^1.0.3"

get-symbol-description@^1.0.0:
  version "1.0.0"
  dependencies:
    call-bind "^1.0.2"
    get-intrinsic "^1.1.1"

glob-parent@^5.1.2:
  version "5.1.2"
  dependencies:
    is-glob "^4.0.1"

glob-parent@^6.0.2:
  version "6.0.2"
  dependencies:
    is-glob "^4.0.3"

glob@^7.1.3:
  version "7.2.3"
  dependencies:
    fs.realpath "^1.0.0"
    inflight "^1.0.4"
    inherits "2"
    minimatch "^3.1.1"
    once "^1.3.0"
    path-is-absolute "^1.0.0"

globals@^13.19.0:
  version "13.23.0"
  dependencies:
    type-fest "^0.20.2"

globalthis@^1.0.3:
  version "1.0.3"
  dependencies:
    define-properties "^1.1.3"

globby@^11.1.0:
  version "11.1.0"
  dependencies:
    array-union "^2.1.0"
    dir-glob "^3.0.1"
    fast-glob "^3.2.9"
    ignore "^5.2.0"
    merge2 "^1.4.1"
    slash "^3.0.0"

gopd@^1.0.1:
  version "1.0.1"
  dependencies:
    get-intrinsic "^1.1.3"

graphemer@^1.4.0:
  version "1.4.0"

has-bigints@^1.0.1, has-bigints@^1.0.2:
  version "1.0.2"

has-flag@^3.0.0:
  version "3.0.0"

has-flag@^4.0.0:
  version "4.0.0"

has-property-descriptors@^1.0.0:
  version "1.0.0"
  dependencies:
    get-intrinsic "^1.1.1"

has-proto@^1.0.1:
  version "1.0.1"

has-symbols@^1.0.2, has-symbols@^1.0.3:
  version "1.0.3"

has-tostringtag@^1.0.0:
  version "1.0.0"
  dependencies:
    has-symbols "^1.0.2"

has@^1.0.3:
  version "1.0.4"

hosted-git-info@^2.1.4:
  version "2.8.9"

ignore@^5.2.0, ignore@^5.2.4:
  version "5.2.4"

import-fresh@^3.2.1:
  version "3.3.0"
  dependencies:
    parent-module "^1.0.0"
    resolve-from "^4.0.0"

imurmurhash@^0.1.4:
  version "0.1.4"

indent-string@^4.0.0:
  version "4.0.0"

inflight@^1.0.4:
  version "1.0.6"
  dependencies:
    once "^1.3.0"
    wrappy "1"

inherits@2:
  version "2.0.4"

internal-slot@^1.0.5:
  version "1.0.5"
  dependencies:
    get-intrinsic "^1.2.0"
    has "^1.0.3"
    side-channel "^1.0.4"

is-array-buffer@^3.0.1, is-array-buffer@^3.0.2:
  version "3.0.2"
  dependencies:
    call-bind "^1.0.2"
    get-intrinsic "^1.2.0"
    is-typed-array "^1.1.10"

is-arrayish@^0.2.1:
  version "0.2.1"

is-bigint@^1.0.1:
  version "1.0.4"
  dependencies:
    has-bigints "^1.0.1"

is-boolean-object@^1.1.0:
  version "1.1.2"
  dependencies:
    call-bind "^1.0.2"
    has-tostringtag "^1.0.0"

is-builtin-module@^3.2.1:
  version "3.2.1"
  dependencies:
    builtin-modules "^3.3.0"

is-callable@^1.1.3, is-callable@^1.1.4, is-callable@^1.2.7:
  version "1.2.7"

is-core-module@^2.13.0:
  version "2.13.0"
  dependencies:
    has "^1.0.3"

is-date-object@^1.0.1:
  version "1.0.5"
  dependencies:
    has-tostringtag "^1.0.0"

is-extglob@^2.1.1:
  version "2.1.1"

is-glob@^4.0.0, is-glob@^4.0.1, is-glob@^4.0.3:
  version "4.0.3"
  dependencies:
    is-extglob "^2.1.1"

is-negative-zero@^2.0.2:
  version "2.0.2"

is-number-object@^1.0.4:
  version "1.0.7"
  dependencies:
    has-tostringtag "^1.0.0"

is-number@^7.0.0:
  version "7.0.0"

is-path-inside@^3.0.3:
  version "3.0.3"

is-regex@^1.1.4:
  version "1.1.4"
  dependencies:
    call-bind "^1.0.2"
    has-tostringtag "^1.0.0"

is-shared-array-buffer@^1.0.2:
  version "1.0.2"
  dependencies:
    call-bind "^1.0.2"

is-string@^1.0.5, is-string@^1.0.7:
  version "1.0.7"
  dependencies:
    has-tostringtag "^1.0.0"

is-symbol@^1.0.2, is-symbol@^1.0.3:
  version "1.0.4"
  dependencies:
    has-symbols "^1.0.2"

is-typed-array@^1.1.10, is-typed-array@^1.1.12, is-typed-array@^1.1.9:
  version "1.1.12"
  dependencies:
    which-typed-array "^1.1.11"

is-weakref@^1.0.2:
  version "1.0.2"
  dependencies:
    call-bind "^1.0.2"

isarray@^2.0.5:
  version "2.0.5"

isexe@^2.0.0:
  version "2.0.0"

ismobilejs@^1.1.0:
  version "1.1.1"

js-tokens@^4.0.0:
  version "4.0.0"

js-yaml@^4.1.0:
  version "4.1.0"
  dependencies:
    argparse "^2.0.1"

jsesc@^3.0.2:
  version "3.0.2"

jsesc@~0.5.0:
  version "0.5.0"

json-buffer@3.0.1:
  version "3.0.1"

json-parse-even-better-errors@^2.3.0:
  version "2.3.1"

json-schema-traverse@^0.4.1:
  version "0.4.1"

json-stable-stringify-without-jsonify@^1.0.1:
  version "1.0.1"

json5@^1.0.2:
  version "1.0.2"
  dependencies:
    minimist "^1.2.0"

keyv@^4.5.3:
  version "4.5.4"
  dependencies:
    json-buffer "3.0.1"

levn@^0.4.1:
  version "0.4.1"
  dependencies:
    prelude-ls "^1.2.1"
    type-check "~0.4.0"

lines-and-columns@^1.1.6:
  version "1.2.4"

locate-path@^5.0.0:
  version "5.0.0"
  dependencies:
    p-locate "^4.1.0"

locate-path@^6.0.0:
  version "6.0.0"
  dependencies:
    p-locate "^5.0.0"

lodash.assign@^4.2.0:
  version "4.2.0"
  resolved "https://registry.npmjs.org/lodash.assign/-/lodash.assign-4.2.0.tgz"
  integrity sha512-hFuH8TY+Yji7Eja3mGiuAxBqLagejScbG8GbG0j6o9vzn0YL14My+ktnqtZgFTosKymC9/44wP6s7xyuLfnClw==

lodash.merge@^4.6.2:
  version "4.6.2"

lodash@^4.17.21:
  version "4.17.21"

lru-cache@^6.0.0:
  version "6.0.0"
  dependencies:
    yallist "^4.0.0"

map-stream@0.0.7:
  version "0.0.7"
  resolved "https://registry.npmjs.org/map-stream/-/map-stream-0.0.7.tgz"
  integrity sha512-C0X0KQmGm3N2ftbTGBhSyuydQ+vV1LC3f3zPvT3RXHXNZrvfPZcoXp/N5DOa8vedX/rTMm2CjTtivFg2STJMRQ==

merge2@^1.3.0, merge2@^1.4.1:
  version "1.4.1"

micromatch@^4.0.4:
  version "4.0.5"
  dependencies:
    braces "^3.0.2"
    picomatch "^2.3.1"

min-indent@^1.0.0:
  version "1.0.1"

mingo@^6.1.0:
  version "6.4.7"
  resolved "https://registry.npmjs.org/mingo/-/mingo-6.4.7.tgz"
  integrity sha512-9CxaYNHl64KG/IPhIpTzNHajHB7HMj51bKy51Gdi3QzLOEbpK2mWzvs0U/3GCysytBycrkTjbNSP6GZ0rgh0hg==

minimatch@^3.0.5, minimatch@^3.1.1, minimatch@^3.1.2:
  version "3.1.2"
  dependencies:
    brace-expansion "^1.1.7"

minimist@^1.2.0, minimist@^1.2.6:
  version "1.2.8"

ms@^2.1.1:
  version "2.1.3"

ms@2.1.2:
  version "2.1.2"

nanoid@^3.3.6:
  version "3.3.6"

natural-compare@^1.4.0:
  version "1.4.0"

normalize-package-data@^2.5.0:
  version "2.5.0"
  dependencies:
    hosted-git-info "^2.1.4"
    resolve "^1.10.0"
    semver "2 || 3 || 4 || 5"
    validate-npm-package-license "^3.0.1"

object-inspect@^1.12.3, object-inspect@^1.9.0:
  version "1.12.3"

object-keys@^1.1.1:
  version "1.1.1"

object.assign@^4.1.2, object.assign@^4.1.4:
  version "4.1.4"
  dependencies:
    call-bind "^1.0.2"
    define-properties "^1.1.4"
    has-symbols "^1.0.3"
    object-keys "^1.1.1"

object.entries@^1.1.5:
  version "1.1.7"
  dependencies:
    call-bind "^1.0.2"
    define-properties "^1.2.0"
    es-abstract "^1.22.1"

object.fromentries@^2.0.6:
  version "2.0.7"
  dependencies:
    call-bind "^1.0.2"
    define-properties "^1.2.0"
    es-abstract "^1.22.1"

object.groupby@^1.0.0:
  version "1.0.1"
  dependencies:
    call-bind "^1.0.2"
    define-properties "^1.2.0"
    es-abstract "^1.22.1"
    get-intrinsic "^1.2.1"

object.values@^1.1.6:
  version "1.1.7"
  dependencies:
    call-bind "^1.0.2"
    define-properties "^1.2.0"
    es-abstract "^1.22.1"

once@^1.3.0:
  version "1.4.0"
  dependencies:
    wrappy "1"

optionator@^0.9.3:
  version "0.9.3"
  dependencies:
    "@aashutoshrathi/word-wrap" "^1.2.3"
    deep-is "^0.1.3"
    fast-levenshtein "^2.0.6"
    levn "^0.4.1"
    prelude-ls "^1.2.1"
    type-check "^0.4.0"

p-limit@^2.2.0:
  version "2.3.0"
  dependencies:
    p-try "^2.0.0"

p-limit@^3.0.2:
  version "3.1.0"
  dependencies:
    yocto-queue "^0.1.0"

p-locate@^4.1.0:
  version "4.1.0"
  dependencies:
    p-limit "^2.2.0"

p-locate@^5.0.0:
  version "5.0.0"
  dependencies:
    p-limit "^3.0.2"

p-try@^2.0.0:
  version "2.2.0"

parent-module@^1.0.0:
  version "1.0.1"
  dependencies:
    callsites "^3.0.0"

parse-json@^5.0.0:
  version "5.2.0"
  dependencies:
    "@babel/code-frame" "^7.0.0"
    error-ex "^1.3.1"
    json-parse-even-better-errors "^2.3.0"
    lines-and-columns "^1.1.6"

path-exists@^4.0.0:
  version "4.0.0"

path-is-absolute@^1.0.0:
  version "1.0.1"

path-key@^3.1.0:
  version "3.1.1"

path-parse@^1.0.7:
  version "1.0.7"

path-type@^4.0.0:
  version "4.0.0"

pause-stream@^0.0.11:
  version "0.0.11"
  resolved "https://registry.npmjs.org/pause-stream/-/pause-stream-0.0.11.tgz"
  integrity sha512-e3FBlXLmN/D1S+zHzanP4E/4Z60oFAa3O051qt1pxa7DEJWKAyil6upYVXCWadEnuoqa4Pkc9oUx9zsxYeRv8A==
  dependencies:
    through "~2.3"

picocolors@^1.0.0:
  version "1.0.0"

picomatch@^2.3.1:
  version "2.3.1"

pixi.js@^7.3.1:
  version "7.3.1"
  dependencies:
    "@pixi/accessibility" "7.3.1"
    "@pixi/app" "7.3.1"
    "@pixi/assets" "7.3.1"
    "@pixi/compressed-textures" "7.3.1"
    "@pixi/core" "7.3.1"
    "@pixi/display" "7.3.1"
    "@pixi/events" "7.3.1"
    "@pixi/extensions" "7.3.1"
    "@pixi/extract" "7.3.1"
    "@pixi/filter-alpha" "7.3.1"
    "@pixi/filter-blur" "7.3.1"
    "@pixi/filter-color-matrix" "7.3.1"
    "@pixi/filter-displacement" "7.3.1"
    "@pixi/filter-fxaa" "7.3.1"
    "@pixi/filter-noise" "7.3.1"
    "@pixi/graphics" "7.3.1"
    "@pixi/mesh" "7.3.1"
    "@pixi/mesh-extras" "7.3.1"
    "@pixi/mixin-cache-as-bitmap" "7.3.1"
    "@pixi/mixin-get-child-by-name" "7.3.1"
    "@pixi/mixin-get-global-position" "7.3.1"
    "@pixi/particle-container" "7.3.1"
    "@pixi/prepare" "7.3.1"
    "@pixi/sprite" "7.3.1"
    "@pixi/sprite-animated" "7.3.1"
    "@pixi/sprite-tiling" "7.3.1"
    "@pixi/spritesheet" "7.3.1"
    "@pixi/text" "7.3.1"
    "@pixi/text-bitmap" "7.3.1"
    "@pixi/text-html" "7.3.1"

pluralize@^8.0.0:
  version "8.0.0"

postcss@^8.4.27:
  version "8.4.31"
  dependencies:
    nanoid "^3.3.6"
    picocolors "^1.0.0"
    source-map-js "^1.0.2"

prelude-ls@^1.2.1:
  version "1.2.1"

punycode@^1.4.1:
  version "1.4.1"

punycode@^2.1.0:
  version "2.3.0"

qs@^6.11.2:
  version "6.11.2"
  dependencies:
    side-channel "^1.0.4"

queue-microtask@^1.2.2:
  version "1.2.3"

read-pkg-up@^7.0.1:
  version "7.0.1"
  dependencies:
    find-up "^4.1.0"
    read-pkg "^5.2.0"
    type-fest "^0.8.1"

read-pkg@^5.2.0:
  version "5.2.0"
  dependencies:
    "@types/normalize-package-data" "^2.4.0"
    normalize-package-data "^2.5.0"
    parse-json "^5.0.0"
    type-fest "^0.6.0"

regexp-tree@^0.1.27:
  version "0.1.27"

regexp.prototype.flags@^1.5.1:
  version "1.5.1"
  dependencies:
    call-bind "^1.0.2"
    define-properties "^1.2.0"
    set-function-name "^2.0.0"

regjsparser@^0.10.0:
  version "0.10.0"
  dependencies:
    jsesc "~0.5.0"

resolve-from@^4.0.0:
  version "4.0.0"

resolve@^1.10.0, resolve@^1.22.4:
  version "1.22.8"
  dependencies:
    is-core-module "^2.13.0"
    path-parse "^1.0.7"
    supports-preserve-symlinks-flag "^1.0.0"

reusify@^1.0.4:
  version "1.0.4"

rimraf@^3.0.2:
  version "3.0.2"
  dependencies:
    glob "^7.1.3"

rollup@^3.27.1:
  version "3.29.4"
  optionalDependencies:
    fsevents "~2.3.2"

run-parallel@^1.1.9:
  version "1.2.0"
  dependencies:
    queue-microtask "^1.2.2"

safe-array-concat@^1.0.1:
  version "1.0.1"
  dependencies:
    call-bind "^1.0.2"
    get-intrinsic "^1.2.1"
    has-symbols "^1.0.3"
    isarray "^2.0.5"

safe-regex-test@^1.0.0:
  version "1.0.0"
  dependencies:
    call-bind "^1.0.2"
    get-intrinsic "^1.1.3"
    is-regex "^1.1.4"

save@^2.9.0:
  version "2.9.0"
  resolved "https://registry.npmjs.org/save/-/save-2.9.0.tgz"
  integrity sha512-eg8+g8CjvehE/2C6EbLdtK1pINVD27pcJLj4M9PjWWhoeha/y5bWf4dp/0RF+OzbKTcG1bae9qi3PAqiR8CJTg==
  dependencies:
    async "^3.2.2"
    event-stream "^4.0.1"
    lodash.assign "^4.2.0"
    mingo "^6.1.0"

semver@^6.3.0:
  version "6.3.1"

semver@^6.3.1:
  version "6.3.1"

semver@^7.5.4:
  version "7.5.4"
  dependencies:
    lru-cache "^6.0.0"

"semver@2 || 3 || 4 || 5":
  version "5.7.2"

set-function-name@^2.0.0:
  version "2.0.1"
  dependencies:
    define-data-property "^1.0.1"
    functions-have-names "^1.2.3"
    has-property-descriptors "^1.0.0"

shebang-command@^2.0.0:
  version "2.0.0"
  dependencies:
    shebang-regex "^3.0.0"

shebang-regex@^3.0.0:
  version "3.0.0"

side-channel@^1.0.4:
  version "1.0.4"
  dependencies:
    call-bind "^1.0.0"
    get-intrinsic "^1.0.2"
    object-inspect "^1.9.0"

slash@^3.0.0:
  version "3.0.0"

source-map-js@^1.0.2:
  version "1.0.2"

spdx-correct@^3.0.0:
  version "3.2.0"
  dependencies:
    spdx-expression-parse "^3.0.0"
    spdx-license-ids "^3.0.0"

spdx-exceptions@^2.1.0:
  version "2.3.0"

spdx-expression-parse@^3.0.0:
  version "3.0.1"
  dependencies:
    spdx-exceptions "^2.1.0"
    spdx-license-ids "^3.0.0"

spdx-license-ids@^3.0.0:
  version "3.0.16"

split@^1.0.1:
  version "1.0.1"
  resolved "https://registry.npmjs.org/split/-/split-1.0.1.tgz"
  integrity sha512-mTyOoPbrivtXnwnIxZRFYRrPNtEFKlpB2fvjSnCQUiAA6qAZzqwna5envK4uk6OIeP17CsdF3rSBGYVBsU0Tkg==
  dependencies:
    through "2"

stream-combiner@^0.2.2:
  version "0.2.2"
  resolved "https://registry.npmjs.org/stream-combiner/-/stream-combiner-0.2.2.tgz"
  integrity sha512-6yHMqgLYDzQDcAkL+tjJDC5nSNuNIx0vZtRZeiPh7Saef7VHX9H5Ijn9l2VIol2zaNYlYEX6KyuT/237A58qEQ==
  dependencies:
    duplexer "~0.1.1"
    through "~2.3.4"

string.prototype.trim@^1.2.8:
  version "1.2.8"
  dependencies:
    call-bind "^1.0.2"
    define-properties "^1.2.0"
    es-abstract "^1.22.1"

string.prototype.trimend@^1.0.7:
  version "1.0.7"
  dependencies:
    call-bind "^1.0.2"
    define-properties "^1.2.0"
    es-abstract "^1.22.1"

string.prototype.trimstart@^1.0.7:
  version "1.0.7"
  dependencies:
    call-bind "^1.0.2"
    define-properties "^1.2.0"
    es-abstract "^1.22.1"

strip-ansi@^6.0.1:
  version "6.0.1"
  dependencies:
    ansi-regex "^5.0.1"

strip-bom@^3.0.0:
  version "3.0.0"

strip-indent@^3.0.0:
  version "3.0.0"
  dependencies:
    min-indent "^1.0.0"

strip-json-comments@^3.1.1:
  version "3.1.1"

supports-color@^5.3.0:
  version "5.5.0"
  dependencies:
    has-flag "^3.0.0"

supports-color@^7.1.0:
  version "7.2.0"
  dependencies:
    has-flag "^4.0.0"

supports-preserve-symlinks-flag@^1.0.0:
  version "1.0.0"

text-table@^0.2.0:
  version "0.2.0"

through@^2.3.8, through@~2.3, through@~2.3.4, through@2:
  version "2.3.8"
  resolved "https://registry.npmjs.org/through/-/through-2.3.8.tgz"
  integrity sha512-w89qg7PI8wAdvX60bMDP+bFoD5Dvhm9oLheFp5O4a2QF0cSBGsBX4qZmadPMvVqlLJBBci+WqGGOAPvcDeNSVg==

to-regex-range@^5.0.1:
  version "5.0.1"
  dependencies:
    is-number "^7.0.0"

ts-api-utils@^1.0.1:
  version "1.0.3"

tsconfig-paths@^3.14.2:
  version "3.14.2"
  dependencies:
    "@types/json5" "^0.0.29"
    json5 "^1.0.2"
    minimist "^1.2.6"
    strip-bom "^3.0.0"

type-check@^0.4.0, type-check@~0.4.0:
  version "0.4.0"
  dependencies:
    prelude-ls "^1.2.1"

type-fest@^0.20.2:
  version "0.20.2"

type-fest@^0.6.0:
  version "0.6.0"

type-fest@^0.8.1:
  version "0.8.1"

typed-array-buffer@^1.0.0:
  version "1.0.0"
  dependencies:
    call-bind "^1.0.2"
    get-intrinsic "^1.2.1"
    is-typed-array "^1.1.10"

typed-array-byte-length@^1.0.0:
  version "1.0.0"
  dependencies:
    call-bind "^1.0.2"
    for-each "^0.3.3"
    has-proto "^1.0.1"
    is-typed-array "^1.1.10"

typed-array-byte-offset@^1.0.0:
  version "1.0.0"
  dependencies:
    available-typed-arrays "^1.0.5"
    call-bind "^1.0.2"
    for-each "^0.3.3"
    has-proto "^1.0.1"
    is-typed-array "^1.1.10"

typed-array-length@^1.0.4:
  version "1.0.4"
  dependencies:
    call-bind "^1.0.2"
    for-each "^0.3.3"
    is-typed-array "^1.1.9"

typescript@^5.0.2, typescript@>=4.2.0, typescript@>=4.7:
  version "5.2.2"

unbox-primitive@^1.0.2:
  version "1.0.2"
  dependencies:
    call-bind "^1.0.2"
    has-bigints "^1.0.2"
    has-symbols "^1.0.3"
    which-boxed-primitive "^1.0.2"

uri-js@^4.2.2:
  version "4.4.1"
  dependencies:
    punycode "^2.1.0"

url@^0.11.0:
  version "0.11.3"
  dependencies:
    punycode "^1.4.1"
    qs "^6.11.2"

validate-npm-package-license@^3.0.1:
  version "3.0.4"
  dependencies:
    spdx-correct "^3.0.0"
    spdx-expression-parse "^3.0.0"

vite@^4.4.5:
  version "4.4.11"
  dependencies:
    esbuild "^0.18.10"
    postcss "^8.4.27"
    rollup "^3.27.1"
  optionalDependencies:
    fsevents "~2.3.2"

which-boxed-primitive@^1.0.2:
  version "1.0.2"
  dependencies:
    is-bigint "^1.0.1"
    is-boolean-object "^1.1.0"
    is-number-object "^1.0.4"
    is-string "^1.0.5"
    is-symbol "^1.0.3"

which-typed-array@^1.1.11:
  version "1.1.11"
  dependencies:
    available-typed-arrays "^1.0.5"
    call-bind "^1.0.2"
    for-each "^0.3.3"
    gopd "^1.0.1"
    has-tostringtag "^1.0.0"

which@^2.0.1:
  version "2.0.2"
  dependencies:
    isexe "^2.0.0"

wrappy@1:
  version "1.0.2"

yallist@^4.0.0:
  version "4.0.0"

yocto-queue@^0.1.0:
  version "0.1.0"
